{
  "name": "flasktest",
  "lockfileVersion": 3,
  "requires": true,
  "packages": {
    "": {
      "dependencies": {
        "fullcalendar": "^6.1.8"
      }
    },
    "node_modules/@fullcalendar/core": {
      "version": "6.1.8",
      "resolved": "https://registry.npmjs.org/@fullcalendar/core/-/core-6.1.8.tgz",
      "integrity": "sha512-i8JBIvZCWGO9dsMEDcx9bnsQZ9PtGSJdOXGgWbhLaGq2iq41OBdp9g9gM4b/Otv2oK8bL5Gl6CsMmb/HkDtA6Q==",
      "dependencies": {
        "preact": "~10.12.1"
      }
    },
    "node_modules/@fullcalendar/daygrid": {
      "version": "6.1.8",
      "resolved": "https://registry.npmjs.org/@fullcalendar/daygrid/-/daygrid-6.1.8.tgz",
      "integrity": "sha512-kCZxQFKb9Vqa3CZRX0v7rMSJ2mlTt4gDpyLfiNJKxUAq7W51uKurPaFZWicaXy1ESHVBxKNlbx5uNjBpyu50JQ==",
      "peerDependencies": {
        "@fullcalendar/core": "~6.1.8"
      }
    },
    "node_modules/@fullcalendar/interaction": {
      "version": "6.1.8",
      "resolved": "https://registry.npmjs.org/@fullcalendar/interaction/-/interaction-6.1.8.tgz",
      "integrity": "sha512-r6W4E9ohaA87M2uPSlmpE2WT7Fzu7LN0u2pE6D/tThruCEaAPbN8Pw5+sqclsuyTIL09mg0eSJm/ggJekTabSA==",
      "peerDependencies": {
        "@fullcalendar/core": "~6.1.8"
      }
    },
    "node_modules/@fullcalendar/list": {
      "version": "6.1.8",
      "resolved": "https://registry.npmjs.org/@fullcalendar/list/-/list-6.1.8.tgz",
      "integrity": "sha512-10N0T/vCtId1cE3JGLpnbAivWVnaWCCkVO7wmbsyr5Y+I939kr/zq4BUNwBoP/xSFVVxx59FETh3iyA+MkV8Fw==",
      "peerDependencies": {
        "@fullcalendar/core": "~6.1.8"
      }
    },
    "node_modules/@fullcalendar/multimonth": {
      "version": "6.1.8",
      "resolved": "https://registry.npmjs.org/@fullcalendar/multimonth/-/multimonth-6.1.8.tgz",
      "integrity": "sha512-3F0NlncQTfeE9x5ICxh/M9DaSdY6XjgM1NazY8k+d6ukd1jthHI7vs6j7tXJI9eGUKs3DNNEyzN/LoP06SIyKw==",
      "dependencies": {
        "@fullcalendar/daygrid": "~6.1.8"
      },
      "peerDependencies": {
        "@fullcalendar/core": "~6.1.8"
      }
    },
    "node_modules/@fullcalendar/timegrid": {
      "version": "6.1.8",
      "resolved": "https://registry.npmjs.org/@fullcalendar/timegrid/-/timegrid-6.1.8.tgz",
      "integrity": "sha512-3+3KHHCoNcaLs/gQt004hAqICbY5+WAffrZ0ePv+80HFB1OVh8BQ5XXLHSOUbTvXdgtUTcfBHuw9fhO31kt5gA==",
      "dependencies": {
        "@fullcalendar/daygrid": "~6.1.8"
      },
      "peerDependencies": {
        "@fullcalendar/core": "~6.1.8"
      }
    },
    "node_modules/fullcalendar": {
      "version": "6.1.8",
      "resolved": "https://registry.npmjs.org/fullcalendar/-/fullcalendar-6.1.8.tgz",
      "integrity": "sha512-cbIdnInHVjj3fWqGgurbRuo8EFViVcEKpI2NZpGkzaqpnvN0p1ifKyQ9qnSGS2bKr7733z8Tv8T+CRXfnEWVmw==",
      "dependencies": {
        "@fullcalendar/core": "~6.1.8",
        "@fullcalendar/daygrid": "~6.1.8",
        "@fullcalendar/interaction": "~6.1.8",
        "@fullcalendar/list": "~6.1.8",
        "@fullcalendar/multimonth": "~6.1.8",
        "@fullcalendar/timegrid": "~6.1.8"
      }
    },
    "node_modules/preact": {
      "version": "10.12.1",
      "resolved": "https://registry.npmjs.org/preact/-/preact-10.12.1.tgz",
      "integrity": "sha512-l8386ixSsBdbreOAkqtrwqHwdvR35ID8c3rKPa8lCWuO86dBi32QWHV4vfsZK1utLLFMvw+Z5Ad4XLkZzchscg==",
      "funding": {
        "type": "opencollective",
        "url": "https://opencollective.com/preact"
      }
    }
  }
}
